
Microsoft Visual Studio Solution File, Format Version 12.00
# Visual Studio Version 17
VisualStudioVersion = 17.14.36408.4 d17.14
MinimumVisualStudioVersion = 10.0.40219.1
Project("{FAE04EC0-301F-11D3-BF4B-00C04F79EFBC}") = "WebApp", "WebApp\WebApp.csproj", "{428D125A-2FD6-424F-915E-C1E6A4F48BD8}"
EndProject
Global
	GlobalSection(SolutionConfigurationPlatforms) = preSolution
		Debug|Any CPU = Debug|Any CPU
		Release|Any CPU = Release|Any CPU
	EndGlobalSection
	GlobalSection(ProjectConfigurationPlatforms) = postSolution
		{428D125A-2FD6-424F-915E-C1E6A4F48BD8}.Debug|Any CPU.ActiveCfg = Debug|Any CPU
		{428D125A-2FD6-424F-915E-C1E6A4F48BD8}.Debug|Any CPU.Build.0 = Debug|Any CPU
		{428D125A-2FD6-424F-915E-C1E6A4F48BD8}.Release|Any CPU.ActiveCfg = Release|Any CPU
		{428D125A-2FD6-424F-915E-C1E6A4F48BD8}.Release|Any CPU.Build.0 = Release|Any CPU
	EndGlobalSection
	GlobalSection(SolutionProperties) = preSolution
		HideSolutionNode = FALSE
	EndGlobalSection
	GlobalSection(ExtensibilityGlobals) = postSolution
		SolutionGuid = {C7DA8F12-7930-4571-B1EE-5A0888424E2C}
	EndGlobalSection
EndGlobal
